
Microsoft Visual Studio Solution File, Format Version 12.00
# Visual Studio 15
VisualStudioVersion = 15.0.27703.2035
MinimumVisualStudioVersion = 10.0.40219.1
Project("{2150E333-8FDC-42A3-9474-1A3956D46DE8}") = "src", "src", "{08AE5364-DEC6-424B-9968-335B10A31958}"
EndProject
Project("{2150E333-8FDC-42A3-9474-1A3956D46DE8}") = "Manager", "Manager", "{C08484BF-BF5D-4689-A10B-F7F4040BFD9F}"
EndProject
Project("{2150E333-8FDC-42A3-9474-1A3956D46DE8}") = "Access", "Access", "{C4846DB0-F51A-41B2-919F-217A5FC30F3F}"
EndProject
Project("{2150E333-8FDC-42A3-9474-1A3956D46DE8}") = "User", "User", "{D20E7E8D-804B-41BD-B864-DABF3FFE8842}"
EndProject
Project("{2150E333-8FDC-42A3-9474-1A3956D46DE8}") = "Appointment", "Appointment", "{01FBECA1-8F78-4A8F-9382-FF3822E2575A}"
EndProject
Project("{2150E333-8FDC-42A3-9474-1A3956D46DE8}") = "Organisation", "Organisation", "{693793F7-D6E7-4041-AF5C-526674D201F3}"
EndProject
Project("{2150E333-8FDC-42A3-9474-1A3956D46DE8}") = "Appointment", "Appointment", "{8C7C282E-E8F8-466E-AA3E-4BF9CEA5C993}"
EndProject
Project("{2150E333-8FDC-42A3-9474-1A3956D46DE8}") = "Organisation", "Organisation", "{B2E9F9D1-DFEC-4D1B-B0C4-E469D28C502A}"
EndProject
Project("{2150E333-8FDC-42A3-9474-1A3956D46DE8}") = "User", "User", "{6EC9EB4E-07EF-499A-80BC-F3B74B736037}"
EndProject
Project("{9A19103F-16F7-4668-BE54-9A1E7A4F7556}") = "Company.Access.Appointment.Interface", "src\Company.Access.Appointment.Interface\Company.Access.Appointment.Interface.csproj", "{3A0FE746-23FA-49D3-A4F0-1FAB489DD286}"
EndProject
Project("{9A19103F-16F7-4668-BE54-9A1E7A4F7556}") = "Company.Access.Organisation.Interface", "src\Company.Access.Organisation.Interface\Company.Access.Organisation.Interface.csproj", "{39EF3615-8DDC-469D-8561-5DCD90159E4F}"
EndProject
Project("{9A19103F-16F7-4668-BE54-9A1E7A4F7556}") = "Company.Access.User.Interface", "src\Company.Access.User.Interface\Company.Access.User.Interface.csproj", "{3BB87556-E358-4573-A53F-49E1281736ED}"
EndProject
Project("{9A19103F-16F7-4668-BE54-9A1E7A4F7556}") = "Company.Manager.Appointment.Interface", "src\Company.Manager.Appointment.Interface\Company.Manager.Appointment.Interface.csproj", "{BD400D28-F451-4F00-8B91-4840A8AED187}"
EndProject
Project("{9A19103F-16F7-4668-BE54-9A1E7A4F7556}") = "Company.Manager.Organisation.Interface", "src\Company.Manager.Organisation.Interface\Company.Manager.Organisation.Interface.csproj", "{CFB26B64-268E-40D3-BB32-3B10145E910A}"
EndProject
Project("{9A19103F-16F7-4668-BE54-9A1E7A4F7556}") = "Company.Manager.User.Interface", "src\Company.Manager.User.Interface\Company.Manager.User.Interface.csproj", "{7CCB8B24-10A0-4628-BE20-8E96FC315E7E}"
EndProject
Project("{2150E333-8FDC-42A3-9474-1A3956D46DE8}") = "test", "test", "{AB0A7666-260B-4E4B-804C-86C30689170C}"
EndProject
Project("{9A19103F-16F7-4668-BE54-9A1E7A4F7556}") = "Company.Manager.Appointment.Impl", "src\Company.Manager.Appointment.Impl\Company.Manager.Appointment.Impl.csproj", "{22270026-491E-4C5D-9753-D04E02EB4F9D}"
EndProject
Project("{2150E333-8FDC-42A3-9474-1A3956D46DE8}") = "Common", "Common", "{0FB6A08E-D065-40F5-90D6-F4227CD97D3F}"
EndProject
Project("{9A19103F-16F7-4668-BE54-9A1E7A4F7556}") = "Company.Common.Data", "src\Company.Common.Data\Company.Common.Data.csproj", "{2EA5F3FB-FF64-48E2-8EFF-D4DFE47ED7D3}"
EndProject
Project("{9A19103F-16F7-4668-BE54-9A1E7A4F7556}") = "Company.Manager.Organisation.Impl", "src\Company.Manager.Organisation.Impl\Company.Manager.Organisation.Impl.csproj", "{7E65397A-B2A6-4260-B98E-EDD940392EFC}"
EndProject
Project("{9A19103F-16F7-4668-BE54-9A1E7A4F7556}") = "Company.Manager.User.Impl", "src\Company.Manager.User.Impl\Company.Manager.User.Impl.csproj", "{7147A99B-8E27-4C73-8A60-0D69E7AEFDF7}"
EndProject
Project("{2150E333-8FDC-42A3-9474-1A3956D46DE8}") = "Api", "Api", "{407454A7-BD0B-4F28-9857-FCD9938B52AA}"
EndProject
Project("{2150E333-8FDC-42A3-9474-1A3956D46DE8}") = "Rest", "Rest", "{137BF2E0-A9DA-4F07-BCD6-E8E22B93190F}"
EndProject
Project("{9A19103F-16F7-4668-BE54-9A1E7A4F7556}") = "Company.Api.Rest.Impl", "src\Company.Api.Rest.Impl\Company.Api.Rest.Impl.csproj", "{C01ED49A-D937-403B-BCB5-25359096D832}"
EndProject
Project("{9A19103F-16F7-4668-BE54-9A1E7A4F7556}") = "Test.InProc.RestApi", "test\Test.InProc.RestApi\Test.InProc.RestApi.csproj", "{7F296D0F-945B-49CF-84A3-7039E627F039}"
EndProject
Project("{9A19103F-16F7-4668-BE54-9A1E7A4F7556}") = "Company.Access.Appointment.Impl", "src\Company.Access.Appointment.Impl\Company.Access.Appointment.Impl.csproj", "{B0B86D6A-FB68-4AD8-9621-A4A007128581}"
EndProject
Project("{9A19103F-16F7-4668-BE54-9A1E7A4F7556}") = "Company.Access.User.Impl", "src\Company.Access.User.Impl\Company.Access.User.Impl.csproj", "{6D4B0AA1-CE73-41DF-ABC1-8AA75F853F3F}"
EndProject
Project("{9A19103F-16F7-4668-BE54-9A1E7A4F7556}") = "Company.Access.Organisation.Impl", "src\Company.Access.Organisation.Impl\Company.Access.Organisation.Impl.csproj", "{24C74146-C7D3-41A1-8739-27E6218316D5}"
EndProject
Project("{FAE04EC0-301F-11D3-BF4B-00C04F79EFBC}") = "Company.Api.Rest.Data", "src\Company.Api.Rest.Data\Company.Api.Rest.Data.csproj", "{759102C2-2075-4434-8DBE-7DE0769C4BEF}"
EndProject
Global
	GlobalSection(SolutionConfigurationPlatforms) = preSolution
		Debug|Any CPU = Debug|Any CPU
		Debug|x64 = Debug|x64
		Release|Any CPU = Release|Any CPU
		Release|x64 = Release|x64
	EndGlobalSection
	GlobalSection(ProjectConfigurationPlatforms) = postSolution
		{3A0FE746-23FA-49D3-A4F0-1FAB489DD286}.Debug|Any CPU.ActiveCfg = Debug|Any CPU
		{3A0FE746-23FA-49D3-A4F0-1FAB489DD286}.Debug|Any CPU.Build.0 = Debug|Any CPU
		{3A0FE746-23FA-49D3-A4F0-1FAB489DD286}.Debug|x64.ActiveCfg = Debug|Any CPU
		{3A0FE746-23FA-49D3-A4F0-1FAB489DD286}.Debug|x64.Build.0 = Debug|Any CPU
		{3A0FE746-23FA-49D3-A4F0-1FAB489DD286}.Release|Any CPU.ActiveCfg = Release|Any CPU
		{3A0FE746-23FA-49D3-A4F0-1FAB489DD286}.Release|Any CPU.Build.0 = Release|Any CPU
		{3A0FE746-23FA-49D3-A4F0-1FAB489DD286}.Release|x64.ActiveCfg = Release|Any CPU
		{3A0FE746-23FA-49D3-A4F0-1FAB489DD286}.Release|x64.Build.0 = Release|Any CPU
		{39EF3615-8DDC-469D-8561-5DCD90159E4F}.Debug|Any CPU.ActiveCfg = Debug|Any CPU
		{39EF3615-8DDC-469D-8561-5DCD90159E4F}.Debug|Any CPU.Build.0 = Debug|Any CPU
		{39EF3615-8DDC-469D-8561-5DCD90159E4F}.Debug|x64.ActiveCfg = Debug|Any CPU
		{39EF3615-8DDC-469D-8561-5DCD90159E4F}.Debug|x64.Build.0 = Debug|Any CPU
		{39EF3615-8DDC-469D-8561-5DCD90159E4F}.Release|Any CPU.ActiveCfg = Release|Any CPU
		{39EF3615-8DDC-469D-8561-5DCD90159E4F}.Release|Any CPU.Build.0 = Release|Any CPU
		{39EF3615-8DDC-469D-8561-5DCD90159E4F}.Release|x64.ActiveCfg = Release|Any CPU
		{39EF3615-8DDC-469D-8561-5DCD90159E4F}.Release|x64.Build.0 = Release|Any CPU
		{3BB87556-E358-4573-A53F-49E1281736ED}.Debug|Any CPU.ActiveCfg = Debug|Any CPU
		{3BB87556-E358-4573-A53F-49E1281736ED}.Debug|Any CPU.Build.0 = Debug|Any CPU
		{3BB87556-E358-4573-A53F-49E1281736ED}.Debug|x64.ActiveCfg = Debug|Any CPU
		{3BB87556-E358-4573-A53F-49E1281736ED}.Debug|x64.Build.0 = Debug|Any CPU
		{3BB87556-E358-4573-A53F-49E1281736ED}.Release|Any CPU.ActiveCfg = Release|Any CPU
		{3BB87556-E358-4573-A53F-49E1281736ED}.Release|Any CPU.Build.0 = Release|Any CPU
		{3BB87556-E358-4573-A53F-49E1281736ED}.Release|x64.ActiveCfg = Release|Any CPU
		{3BB87556-E358-4573-A53F-49E1281736ED}.Release|x64.Build.0 = Release|Any CPU
		{BD400D28-F451-4F00-8B91-4840A8AED187}.Debug|Any CPU.ActiveCfg = Debug|Any CPU
		{BD400D28-F451-4F00-8B91-4840A8AED187}.Debug|Any CPU.Build.0 = Debug|Any CPU
		{BD400D28-F451-4F00-8B91-4840A8AED187}.Debug|x64.ActiveCfg = Debug|Any CPU
		{BD400D28-F451-4F00-8B91-4840A8AED187}.Debug|x64.Build.0 = Debug|Any CPU
		{BD400D28-F451-4F00-8B91-4840A8AED187}.Release|Any CPU.ActiveCfg = Release|Any CPU
		{BD400D28-F451-4F00-8B91-4840A8AED187}.Release|Any CPU.Build.0 = Release|Any CPU
		{BD400D28-F451-4F00-8B91-4840A8AED187}.Release|x64.ActiveCfg = Release|Any CPU
		{BD400D28-F451-4F00-8B91-4840A8AED187}.Release|x64.Build.0 = Release|Any CPU
		{CFB26B64-268E-40D3-BB32-3B10145E910A}.Debug|Any CPU.ActiveCfg = Debug|Any CPU
		{CFB26B64-268E-40D3-BB32-3B10145E910A}.Debug|Any CPU.Build.0 = Debug|Any CPU
		{CFB26B64-268E-40D3-BB32-3B10145E910A}.Debug|x64.ActiveCfg = Debug|Any CPU
		{CFB26B64-268E-40D3-BB32-3B10145E910A}.Debug|x64.Build.0 = Debug|Any CPU
		{CFB26B64-268E-40D3-BB32-3B10145E910A}.Release|Any CPU.ActiveCfg = Release|Any CPU
		{CFB26B64-268E-40D3-BB32-3B10145E910A}.Release|Any CPU.Build.0 = Release|Any CPU
		{CFB26B64-268E-40D3-BB32-3B10145E910A}.Release|x64.ActiveCfg = Release|Any CPU
		{CFB26B64-268E-40D3-BB32-3B10145E910A}.Release|x64.Build.0 = Release|Any CPU
		{7CCB8B24-10A0-4628-BE20-8E96FC315E7E}.Debug|Any CPU.ActiveCfg = Debug|Any CPU
		{7CCB8B24-10A0-4628-BE20-8E96FC315E7E}.Debug|Any CPU.Build.0 = Debug|Any CPU
		{7CCB8B24-10A0-4628-BE20-8E96FC315E7E}.Debug|x64.ActiveCfg = Debug|Any CPU
		{7CCB8B24-10A0-4628-BE20-8E96FC315E7E}.Debug|x64.Build.0 = Debug|Any CPU
		{7CCB8B24-10A0-4628-BE20-8E96FC315E7E}.Release|Any CPU.ActiveCfg = Release|Any CPU
		{7CCB8B24-10A0-4628-BE20-8E96FC315E7E}.Release|Any CPU.Build.0 = Release|Any CPU
		{7CCB8B24-10A0-4628-BE20-8E96FC315E7E}.Release|x64.ActiveCfg = Release|Any CPU
		{7CCB8B24-10A0-4628-BE20-8E96FC315E7E}.Release|x64.Build.0 = Release|Any CPU
		{22270026-491E-4C5D-9753-D04E02EB4F9D}.Debug|Any CPU.ActiveCfg = Debug|Any CPU
		{22270026-491E-4C5D-9753-D04E02EB4F9D}.Debug|Any CPU.Build.0 = Debug|Any CPU
		{22270026-491E-4C5D-9753-D04E02EB4F9D}.Debug|x64.ActiveCfg = Debug|Any CPU
		{22270026-491E-4C5D-9753-D04E02EB4F9D}.Debug|x64.Build.0 = Debug|Any CPU
		{22270026-491E-4C5D-9753-D04E02EB4F9D}.Release|Any CPU.ActiveCfg = Release|Any CPU
		{22270026-491E-4C5D-9753-D04E02EB4F9D}.Release|Any CPU.Build.0 = Release|Any CPU
		{22270026-491E-4C5D-9753-D04E02EB4F9D}.Release|x64.ActiveCfg = Release|Any CPU
		{22270026-491E-4C5D-9753-D04E02EB4F9D}.Release|x64.Build.0 = Release|Any CPU
		{2EA5F3FB-FF64-48E2-8EFF-D4DFE47ED7D3}.Debug|Any CPU.ActiveCfg = Debug|Any CPU
		{2EA5F3FB-FF64-48E2-8EFF-D4DFE47ED7D3}.Debug|Any CPU.Build.0 = Debug|Any CPU
		{2EA5F3FB-FF64-48E2-8EFF-D4DFE47ED7D3}.Debug|x64.ActiveCfg = Debug|Any CPU
		{2EA5F3FB-FF64-48E2-8EFF-D4DFE47ED7D3}.Debug|x64.Build.0 = Debug|Any CPU
		{2EA5F3FB-FF64-48E2-8EFF-D4DFE47ED7D3}.Release|Any CPU.ActiveCfg = Release|Any CPU
		{2EA5F3FB-FF64-48E2-8EFF-D4DFE47ED7D3}.Release|Any CPU.Build.0 = Release|Any CPU
		{2EA5F3FB-FF64-48E2-8EFF-D4DFE47ED7D3}.Release|x64.ActiveCfg = Release|Any CPU
		{2EA5F3FB-FF64-48E2-8EFF-D4DFE47ED7D3}.Release|x64.Build.0 = Release|Any CPU
		{7E65397A-B2A6-4260-B98E-EDD940392EFC}.Debug|Any CPU.ActiveCfg = Debug|Any CPU
		{7E65397A-B2A6-4260-B98E-EDD940392EFC}.Debug|Any CPU.Build.0 = Debug|Any CPU
		{7E65397A-B2A6-4260-B98E-EDD940392EFC}.Debug|x64.ActiveCfg = Debug|Any CPU
		{7E65397A-B2A6-4260-B98E-EDD940392EFC}.Debug|x64.Build.0 = Debug|Any CPU
		{7E65397A-B2A6-4260-B98E-EDD940392EFC}.Release|Any CPU.ActiveCfg = Release|Any CPU
		{7E65397A-B2A6-4260-B98E-EDD940392EFC}.Release|Any CPU.Build.0 = Release|Any CPU
		{7E65397A-B2A6-4260-B98E-EDD940392EFC}.Release|x64.ActiveCfg = Release|Any CPU
		{7E65397A-B2A6-4260-B98E-EDD940392EFC}.Release|x64.Build.0 = Release|Any CPU
		{7147A99B-8E27-4C73-8A60-0D69E7AEFDF7}.Debug|Any CPU.ActiveCfg = Debug|Any CPU
		{7147A99B-8E27-4C73-8A60-0D69E7AEFDF7}.Debug|Any CPU.Build.0 = Debug|Any CPU
		{7147A99B-8E27-4C73-8A60-0D69E7AEFDF7}.Debug|x64.ActiveCfg = Debug|Any CPU
		{7147A99B-8E27-4C73-8A60-0D69E7AEFDF7}.Debug|x64.Build.0 = Debug|Any CPU
		{7147A99B-8E27-4C73-8A60-0D69E7AEFDF7}.Release|Any CPU.ActiveCfg = Release|Any CPU
		{7147A99B-8E27-4C73-8A60-0D69E7AEFDF7}.Release|Any CPU.Build.0 = Release|Any CPU
		{7147A99B-8E27-4C73-8A60-0D69E7AEFDF7}.Release|x64.ActiveCfg = Release|Any CPU
		{7147A99B-8E27-4C73-8A60-0D69E7AEFDF7}.Release|x64.Build.0 = Release|Any CPU
		{C01ED49A-D937-403B-BCB5-25359096D832}.Debug|Any CPU.ActiveCfg = Debug|Any CPU
		{C01ED49A-D937-403B-BCB5-25359096D832}.Debug|Any CPU.Build.0 = Debug|Any CPU
		{C01ED49A-D937-403B-BCB5-25359096D832}.Debug|x64.ActiveCfg = Debug|x64
		{C01ED49A-D937-403B-BCB5-25359096D832}.Debug|x64.Build.0 = Debug|x64
		{C01ED49A-D937-403B-BCB5-25359096D832}.Release|Any CPU.ActiveCfg = Release|Any CPU
		{C01ED49A-D937-403B-BCB5-25359096D832}.Release|Any CPU.Build.0 = Release|Any CPU
		{C01ED49A-D937-403B-BCB5-25359096D832}.Release|x64.ActiveCfg = Release|x64
		{C01ED49A-D937-403B-BCB5-25359096D832}.Release|x64.Build.0 = Release|x64
		{7F296D0F-945B-49CF-84A3-7039E627F039}.Debug|Any CPU.ActiveCfg = Debug|Any CPU
		{7F296D0F-945B-49CF-84A3-7039E627F039}.Debug|Any CPU.Build.0 = Debug|Any CPU
		{7F296D0F-945B-49CF-84A3-7039E627F039}.Debug|x64.ActiveCfg = Debug|Any CPU
		{7F296D0F-945B-49CF-84A3-7039E627F039}.Debug|x64.Build.0 = Debug|Any CPU
		{7F296D0F-945B-49CF-84A3-7039E627F039}.Release|Any CPU.ActiveCfg = Release|Any CPU
		{7F296D0F-945B-49CF-84A3-7039E627F039}.Release|Any CPU.Build.0 = Release|Any CPU
		{7F296D0F-945B-49CF-84A3-7039E627F039}.Release|x64.ActiveCfg = Release|Any CPU
		{7F296D0F-945B-49CF-84A3-7039E627F039}.Release|x64.Build.0 = Release|Any CPU
		{B0B86D6A-FB68-4AD8-9621-A4A007128581}.Debug|Any CPU.ActiveCfg = Debug|Any CPU
		{B0B86D6A-FB68-4AD8-9621-A4A007128581}.Debug|Any CPU.Build.0 = Debug|Any CPU
		{B0B86D6A-FB68-4AD8-9621-A4A007128581}.Debug|x64.ActiveCfg = Debug|Any CPU
		{B0B86D6A-FB68-4AD8-9621-A4A007128581}.Debug|x64.Build.0 = Debug|Any CPU
		{B0B86D6A-FB68-4AD8-9621-A4A007128581}.Release|Any CPU.ActiveCfg = Release|Any CPU
		{B0B86D6A-FB68-4AD8-9621-A4A007128581}.Release|Any CPU.Build.0 = Release|Any CPU
		{B0B86D6A-FB68-4AD8-9621-A4A007128581}.Release|x64.ActiveCfg = Release|Any CPU
		{B0B86D6A-FB68-4AD8-9621-A4A007128581}.Release|x64.Build.0 = Release|Any CPU
		{6D4B0AA1-CE73-41DF-ABC1-8AA75F853F3F}.Debug|Any CPU.ActiveCfg = Debug|Any CPU
		{6D4B0AA1-CE73-41DF-ABC1-8AA75F853F3F}.Debug|Any CPU.Build.0 = Debug|Any CPU
		{6D4B0AA1-CE73-41DF-ABC1-8AA75F853F3F}.Debug|x64.ActiveCfg = Debug|Any CPU
		{6D4B0AA1-CE73-41DF-ABC1-8AA75F853F3F}.Debug|x64.Build.0 = Debug|Any CPU
		{6D4B0AA1-CE73-41DF-ABC1-8AA75F853F3F}.Release|Any CPU.ActiveCfg = Release|Any CPU
		{6D4B0AA1-CE73-41DF-ABC1-8AA75F853F3F}.Release|Any CPU.Build.0 = Release|Any CPU
		{6D4B0AA1-CE73-41DF-ABC1-8AA75F853F3F}.Release|x64.ActiveCfg = Release|Any CPU
		{6D4B0AA1-CE73-41DF-ABC1-8AA75F853F3F}.Release|x64.Build.0 = Release|Any CPU
		{24C74146-C7D3-41A1-8739-27E6218316D5}.Debug|Any CPU.ActiveCfg = Debug|Any CPU
		{24C74146-C7D3-41A1-8739-27E6218316D5}.Debug|Any CPU.Build.0 = Debug|Any CPU
		{24C74146-C7D3-41A1-8739-27E6218316D5}.Debug|x64.ActiveCfg = Debug|Any CPU
		{24C74146-C7D3-41A1-8739-27E6218316D5}.Debug|x64.Build.0 = Debug|Any CPU
		{24C74146-C7D3-41A1-8739-27E6218316D5}.Release|Any CPU.ActiveCfg = Release|Any CPU
		{24C74146-C7D3-41A1-8739-27E6218316D5}.Release|Any CPU.Build.0 = Release|Any CPU
		{24C74146-C7D3-41A1-8739-27E6218316D5}.Release|x64.ActiveCfg = Release|Any CPU
		{24C74146-C7D3-41A1-8739-27E6218316D5}.Release|x64.Build.0 = Release|Any CPU
		{759102C2-2075-4434-8DBE-7DE0769C4BEF}.Debug|Any CPU.ActiveCfg = Debug|Any CPU
		{759102C2-2075-4434-8DBE-7DE0769C4BEF}.Debug|Any CPU.Build.0 = Debug|Any CPU
		{759102C2-2075-4434-8DBE-7DE0769C4BEF}.Debug|x64.ActiveCfg = Debug|Any CPU
		{759102C2-2075-4434-8DBE-7DE0769C4BEF}.Debug|x64.Build.0 = Debug|Any CPU
		{759102C2-2075-4434-8DBE-7DE0769C4BEF}.Release|Any CPU.ActiveCfg = Release|Any CPU
		{759102C2-2075-4434-8DBE-7DE0769C4BEF}.Release|Any CPU.Build.0 = Release|Any CPU
		{759102C2-2075-4434-8DBE-7DE0769C4BEF}.Release|x64.ActiveCfg = Release|Any CPU
		{759102C2-2075-4434-8DBE-7DE0769C4BEF}.Release|x64.Build.0 = Release|Any CPU
	EndGlobalSection
	GlobalSection(SolutionProperties) = preSolution
		HideSolutionNode = FALSE
	EndGlobalSection
	GlobalSection(NestedProjects) = preSolution
		{C08484BF-BF5D-4689-A10B-F7F4040BFD9F} = {08AE5364-DEC6-424B-9968-335B10A31958}
		{C4846DB0-F51A-41B2-919F-217A5FC30F3F} = {08AE5364-DEC6-424B-9968-335B10A31958}
		{D20E7E8D-804B-41BD-B864-DABF3FFE8842} = {C4846DB0-F51A-41B2-919F-217A5FC30F3F}
		{01FBECA1-8F78-4A8F-9382-FF3822E2575A} = {C4846DB0-F51A-41B2-919F-217A5FC30F3F}
		{693793F7-D6E7-4041-AF5C-526674D201F3} = {C4846DB0-F51A-41B2-919F-217A5FC30F3F}
		{8C7C282E-E8F8-466E-AA3E-4BF9CEA5C993} = {C08484BF-BF5D-4689-A10B-F7F4040BFD9F}
		{B2E9F9D1-DFEC-4D1B-B0C4-E469D28C502A} = {C08484BF-BF5D-4689-A10B-F7F4040BFD9F}
		{6EC9EB4E-07EF-499A-80BC-F3B74B736037} = {C08484BF-BF5D-4689-A10B-F7F4040BFD9F}
		{3A0FE746-23FA-49D3-A4F0-1FAB489DD286} = {01FBECA1-8F78-4A8F-9382-FF3822E2575A}
		{39EF3615-8DDC-469D-8561-5DCD90159E4F} = {693793F7-D6E7-4041-AF5C-526674D201F3}
		{3BB87556-E358-4573-A53F-49E1281736ED} = {D20E7E8D-804B-41BD-B864-DABF3FFE8842}
		{BD400D28-F451-4F00-8B91-4840A8AED187} = {8C7C282E-E8F8-466E-AA3E-4BF9CEA5C993}
		{CFB26B64-268E-40D3-BB32-3B10145E910A} = {B2E9F9D1-DFEC-4D1B-B0C4-E469D28C502A}
		{7CCB8B24-10A0-4628-BE20-8E96FC315E7E} = {6EC9EB4E-07EF-499A-80BC-F3B74B736037}
		{22270026-491E-4C5D-9753-D04E02EB4F9D} = {8C7C282E-E8F8-466E-AA3E-4BF9CEA5C993}
		{0FB6A08E-D065-40F5-90D6-F4227CD97D3F} = {08AE5364-DEC6-424B-9968-335B10A31958}
		{2EA5F3FB-FF64-48E2-8EFF-D4DFE47ED7D3} = {0FB6A08E-D065-40F5-90D6-F4227CD97D3F}
		{7E65397A-B2A6-4260-B98E-EDD940392EFC} = {B2E9F9D1-DFEC-4D1B-B0C4-E469D28C502A}
		{7147A99B-8E27-4C73-8A60-0D69E7AEFDF7} = {6EC9EB4E-07EF-499A-80BC-F3B74B736037}
		{407454A7-BD0B-4F28-9857-FCD9938B52AA} = {08AE5364-DEC6-424B-9968-335B10A31958}
		{137BF2E0-A9DA-4F07-BCD6-E8E22B93190F} = {407454A7-BD0B-4F28-9857-FCD9938B52AA}
		{C01ED49A-D937-403B-BCB5-25359096D832} = {137BF2E0-A9DA-4F07-BCD6-E8E22B93190F}
		{7F296D0F-945B-49CF-84A3-7039E627F039} = {AB0A7666-260B-4E4B-804C-86C30689170C}
		{B0B86D6A-FB68-4AD8-9621-A4A007128581} = {01FBECA1-8F78-4A8F-9382-FF3822E2575A}
		{6D4B0AA1-CE73-41DF-ABC1-8AA75F853F3F} = {D20E7E8D-804B-41BD-B864-DABF3FFE8842}
		{24C74146-C7D3-41A1-8739-27E6218316D5} = {693793F7-D6E7-4041-AF5C-526674D201F3}
		{759102C2-2075-4434-8DBE-7DE0769C4BEF} = {137BF2E0-A9DA-4F07-BCD6-E8E22B93190F}
	EndGlobalSection
	GlobalSection(ExtensibilityGlobals) = postSolution
		SolutionGuid = {EF9FF6A1-2A86-4D3A-A773-F705F1673DED}
	EndGlobalSection
EndGlobal
